// !$*UTF8*$!
{
	archiveVersion = 1;
	classes = {
	};
	objectVersion = 56;
	objects = {

/* Begin PBXBuildFile section */
		24F3ED142A81123F0027B355 /* AppDelegate.swift in Sources */ = {isa = PBXBuildFile; fileRef = 24F3ED132A81123F0027B355 /* AppDelegate.swift */; };
		24F3ED162A81123F0027B355 /* SceneDelegate.swift in Sources */ = {isa = PBXBuildFile; fileRef = 24F3ED152A81123F0027B355 /* SceneDelegate.swift */; };
		24F3ED182A81123F0027B355 /* CalculateViewController.swift in Sources */ = {isa = PBXBuildFile; fileRef = 24F3ED172A81123F0027B355 /* CalculateViewController.swift */; };
		24F3ED1B2A81123F0027B355 /* Main.storyboard in Resources */ = {isa = PBXBuildFile; fileRef = 24F3ED192A81123F0027B355 /* Main.storyboard */; };
		24F3ED1D2A8112410027B355 /* Assets.xcassets in Resources */ = {isa = PBXBuildFile; fileRef = 24F3ED1C2A8112410027B355 /* Assets.xcassets */; };
		24F3ED202A8112410027B355 /* LaunchScreen.storyboard in Resources */ = {isa = PBXBuildFile; fileRef = 24F3ED1E2A8112410027B355 /* LaunchScreen.storyboard */; };
		24F3ED2B2A8161A40027B355 /* BMI.swift in Sources */ = {isa = PBXBuildFile; fileRef = 24F3ED2A2A8161A40027B355 /* BMI.swift */; };
		24F3ED2F2A8449770027B355 /* ResulteViewController.swift in Sources */ = {isa = PBXBuildFile; fileRef = 24F3ED2E2A8449770027B355 /* ResulteViewController.swift */; };
		24F3ED312A8451F10027B355 /* CalculateLogic.swift in Sources */ = {isa = PBXBuildFile; fileRef = 24F3ED302A8451F10027B355 /* CalculateLogic.swift */; };
/* End PBXBuildFile section */

/* Begin PBXFileReference section */
		24F3ED102A81123F0027B355 /* BMI Calculator.app */ = {isa = PBXFileReference; explicitFileType = wrapper.application; includeInIndex = 0; path = "BMI Calculator.app"; sourceTree = BUILT_PRODUCTS_DIR; };
		24F3ED132A81123F0027B355 /* AppDelegate.swift */ = {isa = PBXFileReference; lastKnownFileType = sourcecode.swift; path = AppDelegate.swift; sourceTree = "<group>"; };
		24F3ED152A81123F0027B355 /* SceneDelegate.swift */ = {isa = PBXFileReference; lastKnownFileType = sourcecode.swift; path = SceneDelegate.swift; sourceTree = "<group>"; };
		24F3ED172A81123F0027B355 /* CalculateViewController.swift */ = {isa = PBXFileReference; lastKnownFileType = sourcecode.swift; path = CalculateViewController.swift; sourceTree = "<group>"; };
		24F3ED1A2A81123F0027B355 /* Base */ = {isa = PBXFileReference; lastKnownFileType = file.storyboard; name = Base; path = Base.lproj/Main.storyboard; sourceTree = "<group>"; };
		24F3ED1C2A8112410027B355 /* Assets.xcassets */ = {isa = PBXFileReference; lastKnownFileType = folder.assetcatalog; path = Assets.xcassets; sourceTree = "<group>"; };
		24F3ED1F2A8112410027B355 /* Base */ = {isa = PBXFileReference; lastKnownFileType = file.storyboard; name = Base; path = Base.lproj/LaunchScreen.storyboard; sourceTree = "<group>"; };
		24F3ED212A8112410027B355 /* Info.plist */ = {isa = PBXFileReference; lastKnownFileType = text.plist.xml; path = Info.plist; sourceTree = "<group>"; };
		24F3ED2A2A8161A40027B355 /* BMI.swift */ = {isa = PBXFileReference; lastKnownFileType = sourcecode.swift; path = BMI.swift; sourceTree = "<group>"; };
		24F3ED2E2A8449770027B355 /* ResulteViewController.swift */ = {isa = PBXFileReference; lastKnownFileType = sourcecode.swift; path = ResulteViewController.swift; sourceTree = "<group>"; };
		24F3ED302A8451F10027B355 /* CalculateLogic.swift */ = {isa = PBXFileReference; lastKnownFileType = sourcecode.swift; path = CalculateLogic.swift; sourceTree = "<group>"; };
/* End PBXFileReference section */

/* Begin PBXFrameworksBuildPhase section */
		24F3ED0D2A81123F0027B355 /* Frameworks */ = {
			isa = PBXFrameworksBuildPhase;
			buildActionMask = 2147483647;
			files = (
			);
			runOnlyForDeploymentPostprocessing = 0;
		};
/* End PBXFrameworksBuildPhase section */

/* Begin PBXGroup section */
		24F3ED072A81123F0027B355 = {
			isa = PBXGroup;
			children = (
				24F3ED122A81123F0027B355 /* BMI Calculator */,
				24F3ED112A81123F0027B355 /* Products */,
			);
			sourceTree = "<group>";
		};
		24F3ED112A81123F0027B355 /* Products */ = {
			isa = PBXGroup;
			children = (
				24F3ED102A81123F0027B355 /* BMI Calculator.app */,
			);
			name = Products;
			sourceTree = "<group>";
		};
		24F3ED122A81123F0027B355 /* BMI Calculator */ = {
			isa = PBXGroup;
			children = (
				24F3ED132A81123F0027B355 /* AppDelegate.swift */,
				24F3ED152A81123F0027B355 /* SceneDelegate.swift */,
				24F3ED292A8161670027B355 /* Model */,
				24F3ED272A815CF10027B355 /* Contoller */,
				24F3ED282A8161220027B355 /* View */,
				24F3ED1C2A8112410027B355 /* Assets.xcassets */,
				24F3ED1E2A8112410027B355 /* LaunchScreen.storyboard */,
				24F3ED212A8112410027B355 /* Info.plist */,
			);
			path = "BMI Calculator";
			sourceTree = "<group>";
		};
		24F3ED272A815CF10027B355 /* Contoller */ = {
			isa = PBXGroup;
			children = (
				24F3ED172A81123F0027B355 /* CalculateViewController.swift */,
				24F3ED2E2A8449770027B355 /* ResulteViewController.swift */,
			);
			path = Contoller;
			sourceTree = "<group>";
		};
		24F3ED282A8161220027B355 /* View */ = {
			isa = PBXGroup;
			children = (
				24F3ED192A81123F0027B355 /* Main.storyboard */,
			);
			path = View;
			sourceTree = "<group>";
		};
		24F3ED292A8161670027B355 /* Model */ = {
			isa = PBXGroup;
			children = (
				24F3ED2A2A8161A40027B355 /* BMI.swift */,
				24F3ED302A8451F10027B355 /* CalculateLogic.swift */,
			);
			path = Model;
			sourceTree = "<group>";
		};
/* End PBXGroup section */

/* Begin PBXNativeTarget section */
		24F3ED0F2A81123F0027B355 /* BMI Calculator */ = {
			isa = PBXNativeTarget;
			buildConfigurationList = 24F3ED242A8112410027B355 /* Build configuration list for PBXNativeTarget "BMI Calculator" */;
			buildPhases = (
				24F3ED0C2A81123F0027B355 /* Sources */,
				24F3ED0D2A81123F0027B355 /* Frameworks */,
				24F3ED0E2A81123F0027B355 /* Resources */,
			);
			buildRules = (
			);
			dependencies = (
			);
			name = "BMI Calculator";
			productName = "BMI Calculator";
			productReference = 24F3ED102A81123F0027B355 /* BMI Calculator.app */;
			productType = "com.apple.product-type.application";
		};
/* End PBXNativeTarget section */

/* Begin PBXProject section */
		24F3ED082A81123F0027B355 /* Project object */ = {
			isa = PBXProject;
			attributes = {
				BuildIndependentTargetsInParallel = 1;
				LastSwiftUpdateCheck = 1430;
				LastUpgradeCheck = 1430;
				TargetAttributes = {
					24F3ED0F2A81123F0027B355 = {
						CreatedOnToolsVersion = 14.3.1;
					};
				};
			};
			buildConfigurationList = 24F3ED0B2A81123F0027B355 /* Build configuration list for PBXProject "BMI Calculator" */;
			compatibilityVersion = "Xcode 14.0";
			developmentRegion = en;
			hasScannedForEncodings = 0;
			knownRegions = (
				en,
				Base,
			);
			mainGroup = 24F3ED072A81123F0027B355;
			productRefGroup = 24F3ED112A81123F0027B355 /* Products */;
			projectDirPath = "";
			projectRoot = "";
			targets = (
				24F3ED0F2A81123F0027B355 /* BMI Calculator */,
			);
		};
/* End PBXProject section */

/* Begin PBXResourcesBuildPhase section */
		24F3ED0E2A81123F0027B355 /* Resources */ = {
			isa = PBXResourcesBuildPhase;
			buildActionMask = 2147483647;
			files = (
				24F3ED202A8112410027B355 /* LaunchScreen.storyboard in Resources */,
				24F3ED1D2A8112410027B355 /* Assets.xcassets in Resources */,
				24F3ED1B2A81123F0027B355 /* Main.storyboard in Resources */,
			);
			runOnlyForDeploymentPostprocessing = 0;
		};
/* End PBXResourcesBuildPhase section */

/* Begin PBXSourcesBuildPhase section */
		24F3ED0C2A81123F0027B355 /* Sources */ = {
			isa = PBXSourcesBuildPhase;
			buildActionMask = 2147483647;
			files = (
				24F3ED2B2A8161A40027B355 /* BMI.swift in Sources */,
				24F3ED2F2A8449770027B355 /* ResulteViewController.swift in Sources */,
				24F3ED182A81123F0027B355 /* CalculateViewController.swift in Sources */,
				24F3ED142A81123F0027B355 /* AppDelegate.swift in Sources */,
				24F3ED162A81123F0027B355 /* SceneDelegate.swift in Sources */,
				24F3ED312A8451F10027B355 /* CalculateLogic.swift in Sources */,
			);
			runOnlyForDeploymentPostprocessing = 0;
		};
/* End PBXSourcesBuildPhase section */

/* Begin PBXVariantGroup section */
		24F3ED192A81123F0027B355 /* Main.storyboard */ = {
			isa = PBXVariantGroup;
			children = (
				24F3ED1A2A81123F0027B355 /* Base */,
			);
			name = Main.storyboard;
			sourceTree = "<group>";
		};
		24F3ED1E2A8112410027B355 /* LaunchScreen.storyboard */ = {
			isa = PBXVariantGroup;
			children = (
				24F3ED1F2A8112410027B355 /* Base */,
			);
			name = LaunchScreen.storyboard;
			sourceTree = "<group>";
		};
/* End PBXVariantGroup section */

/* Begin XCBuildConfiguration section */
		24F3ED222A8112410027B355 /* Debug */ = {
			isa = XCBuildConfiguration;
			buildSettings = {
				ALWAYS_SEARCH_USER_PATHS = NO;
				CLANG_ANALYZER_NONNULL = YES;
				CLANG_ANALYZER_NUMBER_OBJECT_CONVERSION = YES_AGGRESSIVE;
				CLANG_CXX_LANGUAGE_STANDARD = "gnu++20";
				CLANG_ENABLE_MODULES = YES;
				CLANG_ENABLE_OBJC_ARC = YES;
				CLANG_ENABLE_OBJC_WEAK = YES;
				CLANG_WARN_BLOCK_CAPTURE_AUTORELEASING = YES;
				CLANG_WARN_BOOL_CONVERSION = YES;
				CLANG_WARN_COMMA = YES;
				CLANG_WARN_CONSTANT_CONVERSION = YES;
				CLANG_WARN_DEPRECATED_OBJC_IMPLEMENTATIONS = YES;
				CLANG_WARN_DIRECT_OBJC_ISA_USAGE = YES_ERROR;
				CLANG_WARN_DOCUMENTATION_COMMENTS = YES;
				CLANG_WARN_EMPTY_BODY = YES;
				CLANG_WARN_ENUM_CONVERSION = YES;
				CLANG_WARN_INFINITE_RECURSION = YES;
				CLANG_WARN_INT_CONVERSION = YES;
				CLANG_WARN_NON_LITERAL_NULL_CONVERSION = YES;
				CLANG_WARN_OBJC_IMPLICIT_RETAIN_SELF = YES;
				CLANG_WARN_OBJC_LITERAL_CONVERSION = YES;
				CLANG_WARN_OBJC_ROOT_CLASS = YES_ERROR;
				CLANG_WARN_QUOTED_INCLUDE_IN_FRAMEWORK_HEADER = YES;
				CLANG_WARN_RANGE_LOOP_ANALYSIS = YES;
				CLANG_WARN_STRICT_PROTOTYPES = YES;
				CLANG_WARN_SUSPICIOUS_MOVE = YES;
				CLANG_WARN_UNGUARDED_AVAILABILITY = YES_AGGRESSIVE;
				CLANG_WARN_UNREACHABLE_CODE = YES;
				CLANG_WARN__DUPLICATE_METHOD_MATCH = YES;
				COPY_PHASE_STRIP = NO;
				DEBUG_INFORMATION_FORMAT = dwarf;
				ENABLE_STRICT_OBJC_MSGSEND = YES;
				ENABLE_TESTABILITY = YES;
				GCC_C_LANGUAGE_STANDARD = gnu11;
				GCC_DYNAMIC_NO_PIC = NO;
				GCC_NO_COMMON_BLOCKS = YES;
				GCC_OPTIMIZATION_LEVEL = 0;
				GCC_PREPROCESSOR_DEFINITIONS = (
					"DEBUG=1",
					"$(inherited)",
				);
				GCC_WARN_64_TO_32_BIT_CONVERSION = YES;
				GCC_WARN_ABOUT_RETURN_TYPE = YES_ERROR;
				GCC_WARN_UNDECLARED_SELECTOR = YES;
				GCC_WARN_UNINITIALIZED_AUTOS = YES_AGGRESSIVE;
				GCC_WARN_UNUSED_FUNCTION = YES;
				GCC_WARN_UNUSED_VARIABLE = YES;
				IPHONEOS_DEPLOYMENT_TARGET = 16.4;
				MTL_ENABLE_DEBUG_INFO = INCLUDE_SOURCE;
				MTL_FAST_MATH = YES;
				ONLY_ACTIVE_ARCH = YES;
				SDKROOT = iphoneos;
				SWIFT_ACTIVE_COMPILATION_CONDITIONS = DEBUG;
				SWIFT_OPTIMIZATION_LEVEL = "-Onone";
			};
			name = Debug;
		};
		24F3ED232A8112410027B355 /* Release */ = {
			isa = XCBuildConfiguration;
			buildSettings = {
				ALWAYS_SEARCH_USER_PATHS = NO;
				CLANG_ANALYZER_NONNULL = YES;
				CLANG_ANALYZER_NUMBER_OBJECT_CONVERSION = YES_AGGRESSIVE;
				CLANG_CXX_LANGUAGE_STANDARD = "gnu++20";
				CLANG_ENABLE_MODULES = YES;
				CLANG_ENABLE_OBJC_ARC = YES;
				CLANG_ENABLE_OBJC_WEAK = YES;
				CLANG_WARN_BLOCK_CAPTURE_AUTORELEASING = YES;
				CLANG_WARN_BOOL_CONVERSION = YES;
				CLANG_WARN_COMMA = YES;
				CLANG_WARN_CONSTANT_CONVERSION = YES;
				CLANG_WARN_DEPRECATED_OBJC_IMPLEMENTATIONS = YES;
				CLANG_WARN_DIRECT_OBJC_ISA_USAGE = YES_ERROR;
				CLANG_WARN_DOCUMENTATION_COMMENTS = YES;
				CLANG_WARN_EMPTY_BODY = YES;
				CLANG_WARN_ENUM_CONVERSION = YES;
				CLANG_WARN_INFINITE_RECURSION = YES;
				CLANG_WARN_INT_CONVERSION = YES;
				CLANG_WARN_NON_LITERAL_NULL_CONVERSION = YES;
				CLANG_WARN_OBJC_IMPLICIT_RETAIN_SELF = YES;
				CLANG_WARN_OBJC_LITERAL_CONVERSION = YES;
				CLANG_WARN_OBJC_ROOT_CLASS = YES_ERROR;
				CLANG_WARN_QUOTED_INCLUDE_IN_FRAMEWORK_HEADER = YES;
				CLANG_WARN_RANGE_LOOP_ANALYSIS = YES;
				CLANG_WARN_STRICT_PROTOTYPES = YES;
				CLANG_WARN_SUSPICIOUS_MOVE = YES;
				CLANG_WARN_UNGUARDED_AVAILABILITY = YES_AGGRESSIVE;
				CLANG_WARN_UNREACHABLE_CODE = YES;
				CLANG_WARN__DUPLICATE_METHOD_MATCH = YES;
				COPY_PHASE_STRIP = NO;
				DEBUG_INFORMATION_FORMAT = "dwarf-with-dsym";
				ENABLE_NS_ASSERTIONS = NO;
				ENABLE_STRICT_OBJC_MSGSEND = YES;
				GCC_C_LANGUAGE_STANDARD = gnu11;
				GCC_NO_COMMON_BLOCKS = YES;
				GCC_WARN_64_TO_32_BIT_CONVERSION = YES;
				GCC_WARN_ABOUT_RETURN_TYPE = YES_ERROR;
				GCC_WARN_UNDECLARED_SELECTOR = YES;
				GCC_WARN_UNINITIALIZED_AUTOS = YES_AGGRESSIVE;
				GCC_WARN_UNUSED_FUNCTION = YES;
				GCC_WARN_UNUSED_VARIABLE = YES;
				IPHONEOS_DEPLOYMENT_TARGET = 16.4;
				MTL_ENABLE_DEBUG_INFO = NO;
				MTL_FAST_MATH = YES;
				SDKROOT = iphoneos;
				SWIFT_COMPILATION_MODE = wholemodule;
				SWIFT_OPTIMIZATION_LEVEL = "-O";
				VALIDATE_PRODUCT = YES;
			};
			name = Release;
		};
		24F3ED252A8112410027B355 /* Debug */ = {
			isa = XCBuildConfiguration;
			buildSettings = {
				ASSETCATALOG_COMPILER_APPICON_NAME = AppIcon;
				ASSETCATALOG_COMPILER_GLOBAL_ACCENT_COLOR_NAME = AccentColor;
				CODE_SIGN_STYLE = Automatic;
				CURRENT_PROJECT_VERSION = 1;
				DEVELOPMENT_TEAM = 2MKN66GATH;
				GENERATE_INFOPLIST_FILE = YES;
				INFOPLIST_FILE = "BMI Calculator/Info.plist";
				INFOPLIST_KEY_UIApplicationSupportsIndirectInputEvents = YES;
				INFOPLIST_KEY_UILaunchStoryboardName = LaunchScreen;
				INFOPLIST_KEY_UIMainStoryboardFile = Main;
				INFOPLIST_KEY_UISupportedInterfaceOrientations_iPad = "UIInterfaceOrientationPortrait UIInterfaceOrientationPortraitUpsideDown UIInterfaceOrientationLandscapeLeft UIInterfaceOrientationLandscapeRight";
				INFOPLIST_KEY_UISupportedInterfaceOrientations_iPhone = "UIInterfaceOrientationPortrait UIInterfaceOrientationLandscapeLeft UIInterfaceOrientationLandscapeRight";
				IPHONEOS_DEPLOYMENT_TARGET = 14.0;
				LD_RUNPATH_SEARCH_PATHS = (
					"$(inherited)",
					"@executable_path/Frameworks",
				);
				MARKETING_VERSION = 1.0;
				PRODUCT_BUNDLE_IDENTIFIER = "com.genilsonDC.BMI-Calculator";
				PRODUCT_NAME = "$(TARGET_NAME)";
				SWIFT_EMIT_LOC_STRINGS = YES;
				SWIFT_VERSION = 5.0;
				TARGETED_DEVICE_FAMILY = "1,2";
			};
			name = Debug;
		};
		24F3ED262A8112410027B355 /* Release */ = {
			isa = XCBuildConfiguration;
			buildSettings = {
				ASSETCATALOG_COMPILER_APPICON_NAME = AppIcon;
				ASSETCATALOG_COMPILER_GLOBAL_ACCENT_COLOR_NAME = AccentColor;
				CODE_SIGN_STYLE = Automatic;
				CURRENT_PROJECT_VERSION = 1;
				DEVELOPMENT_TEAM = 2MKN66GATH;
				GENERATE_INFOPLIST_FILE = YES;
				INFOPLIST_FILE = "BMI Calculator/Info.plist";
				INFOPLIST_KEY_UIApplicationSupportsIndirectInputEvents = YES;
				INFOPLIST_KEY_UILaunchStoryboardName = LaunchScreen;
				INFOPLIST_KEY_UIMainStoryboardFile = Main;
				INFOPLIST_KEY_UISupportedInterfaceOrientations_iPad = "UIInterfaceOrientationPortrait UIInterfaceOrientationPortraitUpsideDown UIInterfaceOrientationLandscapeLeft UIInterfaceOrientationLandscapeRight";
				INFOPLIST_KEY_UISupportedInterfaceOrientations_iPhone = "UIInterfaceOrientationPortrait UIInterfaceOrientationLandscapeLeft UIInterfaceOrientationLandscapeRight";
				IPHONEOS_DEPLOYMENT_TARGET = 14.0;
				LD_RUNPATH_SEARCH_PATHS = (
					"$(inherited)",
					"@executable_path/Frameworks",
				);
				MARKETING_VERSION = 1.0;
				PRODUCT_BUNDLE_IDENTIFIER = "com.genilsonDC.BMI-Calculator";
				PRODUCT_NAME = "$(TARGET_NAME)";
				SWIFT_EMIT_LOC_STRINGS = YES;
				SWIFT_VERSION = 5.0;
				TARGETED_DEVICE_FAMILY = "1,2";
			};
			name = Release;
		};
/* End XCBuildConfiguration section */

/* Begin XCConfigurationList section */
		24F3ED0B2A81123F0027B355 /* Build configuration list for PBXProject "BMI Calculator" */ = {
			isa = XCConfigurationList;
			buildConfigurations = (
				24F3ED222A8112410027B355 /* Debug */,
				24F3ED232A8112410027B355 /* Release */,
			);
			defaultConfigurationIsVisible = 0;
			defaultConfigurationName = Release;
		};
		24F3ED242A8112410027B355 /* Build configuration list for PBXNativeTarget "BMI Calculator" */ = {
			isa = XCConfigurationList;
			buildConfigurations = (
				24F3ED252A8112410027B355 /* Debug */,
				24F3ED262A8112410027B355 /* Release */,
			);
			defaultConfigurationIsVisible = 0;
			defaultConfigurationName = Release;
		};
/* End XCConfigurationList section */
	};
	rootObject = 24F3ED082A81123F0027B355 /* Project object */;
}
